
Microsoft Visual Studio Solution File, Format Version 12.00
# Visual Studio Version 17
VisualStudioVersion = 17.9.34723.18
MinimumVisualStudioVersion = 10.0.40219.1
Project("{FAE04EC0-301F-11D3-BF4B-00C04F79EFBC}") = "TeamBugBustersAPI", "TeamBugBustersAPI\TeamBugBustersAPI.csproj", "{D0CE4FCE-EC63-459D-8CCB-9D71CCB782B8}"
EndProject
Global
	GlobalSection(SolutionConfigurationPlatforms) = preSolution
		Debug|Any CPU = Debug|Any CPU
		Release|Any CPU = Release|Any CPU
	EndGlobalSection
	GlobalSection(ProjectConfigurationPlatforms) = postSolution
		{D0CE4FCE-EC63-459D-8CCB-9D71CCB782B8}.Debug|Any CPU.ActiveCfg = Debug|Any CPU
		{D0CE4FCE-EC63-459D-8CCB-9D71CCB782B8}.Debug|Any CPU.Build.0 = Debug|Any CPU
		{D0CE4FCE-EC63-459D-8CCB-9D71CCB782B8}.Release|Any CPU.ActiveCfg = Release|Any CPU
		{D0CE4FCE-EC63-459D-8CCB-9D71CCB782B8}.Release|Any CPU.Build.0 = Release|Any CPU
	EndGlobalSection
	GlobalSection(SolutionProperties) = preSolution
		HideSolutionNode = FALSE
	EndGlobalSection
	GlobalSection(ExtensibilityGlobals) = postSolution
		SolutionGuid = {7E70154E-53AC-49C0-A35D-A720D8B8BAAA}
	EndGlobalSection
EndGlobal
